
Microsoft Visual Studio Solution File, Format Version 12.00
# Visual Studio Version 16
VisualStudioVersion = 16.0.32602.291
MinimumVisualStudioVersion = 10.0.40219.1
Project("{FAE04EC0-301F-11D3-BF4B-00C04F79EFBC}") = "Assi01", "Assi01\Assi01.csproj", "{426ED5EA-3E07-4D19-8104-6C1D2AE09AAF}"
EndProject
Global
	GlobalSection(SolutionConfigurationPlatforms) = preSolution
		Debug|Any CPU = Debug|Any CPU
		Release|Any CPU = Release|Any CPU
	EndGlobalSection
	GlobalSection(ProjectConfigurationPlatforms) = postSolution
		{426ED5EA-3E07-4D19-8104-6C1D2AE09AAF}.Debug|Any CPU.ActiveCfg = Debug|Any CPU
		{426ED5EA-3E07-4D19-8104-6C1D2AE09AAF}.Debug|Any CPU.Build.0 = Debug|Any CPU
		{426ED5EA-3E07-4D19-8104-6C1D2AE09AAF}.Release|Any CPU.ActiveCfg = Release|Any CPU
		{426ED5EA-3E07-4D19-8104-6C1D2AE09AAF}.Release|Any CPU.Build.0 = Release|Any CPU
	EndGlobalSection
	GlobalSection(SolutionProperties) = preSolution
		HideSolutionNode = FALSE
	EndGlobalSection
	GlobalSection(ExtensibilityGlobals) = postSolution
		SolutionGuid = {31FD23F1-2EF0-4F00-A7A5-63D717F26D48}
	EndGlobalSection
EndGlobal
